// !$*UTF8*$!
{
	archiveVersion = 1;
	classes = {
	};
	objectVersion = 46;
	objects = {

/* Begin PBXBuildFile section */
		DA57B5211BAEC2080019C008 /* main.m in Sources */ = {isa = PBXBuildFile; fileRef = DA57B5201BAEC2080019C008 /* main.m */; };
		DA57B5241BAEC2080019C008 /* AppDelegate.m in Sources */ = {isa = PBXBuildFile; fileRef = DA57B5231BAEC2080019C008 /* AppDelegate.m */; };
		DA57B52A1BAEC2080019C008 /* Main.storyboard in Resources */ = {isa = PBXBuildFile; fileRef = DA57B5281BAEC2080019C008 /* Main.storyboard */; };
		DA57B52C1BAEC2080019C008 /* Images.xcassets in Resources */ = {isa = PBXBuildFile; fileRef = DA57B52B1BAEC2080019C008 /* Images.xcassets */; };
		DA57B52F1BAEC2080019C008 /* LaunchScreen.xib in Resources */ = {isa = PBXBuildFile; fileRef = DA57B52D1BAEC2080019C008 /* LaunchScreen.xib */; };
		DA57B53B1BAEC2080019C008 /* HomeRehabTests.m in Sources */ = {isa = PBXBuildFile; fileRef = DA57B53A1BAEC2080019C008 /* HomeRehabTests.m */; };
		DA57B5461BAEC6320019C008 /* InfoViewController.m in Sources */ = {isa = PBXBuildFile; fileRef = DA57B5451BAEC6320019C008 /* InfoViewController.m */; };
		DA57B5491BAEC6540019C008 /* VideoViewController.m in Sources */ = {isa = PBXBuildFile; fileRef = DA57B5481BAEC6540019C008 /* VideoViewController.m */; };
		DA57B54C1BAEC6B40019C008 /* BluetoothViewController.m in Sources */ = {isa = PBXBuildFile; fileRef = DA57B54B1BAEC6B40019C008 /* BluetoothViewController.m */; };
		DA57B54E1BAEC6D10019C008 /* CoreBluetooth.framework in Frameworks */ = {isa = PBXBuildFile; fileRef = DA57B54D1BAEC6D10019C008 /* CoreBluetooth.framework */; };
		DA57B5501BAEC6ED0019C008 /* MediaPlayer.framework in Frameworks */ = {isa = PBXBuildFile; fileRef = DA57B54F1BAEC6ED0019C008 /* MediaPlayer.framework */; };
		DA57B5531BAECC5F0019C008 /* MadgwickAHRS.c in Frameworks */ = {isa = PBXBuildFile; fileRef = DA57B5511BAECC5F0019C008 /* MadgwickAHRS.c */; };
		DA57B5541BAECC5F0019C008 /* MadgwickAHRS.h in Frameworks */ = {isa = PBXBuildFile; fileRef = DA57B5521BAECC5F0019C008 /* MadgwickAHRS.h */; };
/* End PBXBuildFile section */

/* Begin PBXContainerItemProxy section */
		DA57B5351BAEC2080019C008 /* PBXContainerItemProxy */ = {
			isa = PBXContainerItemProxy;
			containerPortal = DA57B5131BAEC2070019C008 /* Project object */;
			proxyType = 1;
			remoteGlobalIDString = DA57B51A1BAEC2070019C008;
			remoteInfo = HomeRehab;
		};
/* End PBXContainerItemProxy section */

/* Begin PBXFileReference section */
		DA57B51B1BAEC2070019C008 /* HomeRehab.app */ = {isa = PBXFileReference; explicitFileType = wrapper.application; includeInIndex = 0; path = HomeRehab.app; sourceTree = BUILT_PRODUCTS_DIR; };
		DA57B51F1BAEC2080019C008 /* Info.plist */ = {isa = PBXFileReference; lastKnownFileType = text.plist.xml; path = Info.plist; sourceTree = "<group>"; };
		DA57B5201BAEC2080019C008 /* main.m */ = {isa = PBXFileReference; lastKnownFileType = sourcecode.c.objc; path = main.m; sourceTree = "<group>"; };
		DA57B5221BAEC2080019C008 /* AppDelegate.h */ = {isa = PBXFileReference; lastKnownFileType = sourcecode.c.h; path = AppDelegate.h; sourceTree = "<group>"; };
		DA57B5231BAEC2080019C008 /* AppDelegate.m */ = {isa = PBXFileReference; lastKnownFileType = sourcecode.c.objc; path = AppDelegate.m; sourceTree = "<group>"; };
		DA57B5291BAEC2080019C008 /* Base */ = {isa = PBXFileReference; lastKnownFileType = file.storyboard; name = Base; path = Base.lproj/Main.storyboard; sourceTree = "<group>"; };
		DA57B52B1BAEC2080019C008 /* Images.xcassets */ = {isa = PBXFileReference; lastKnownFileType = folder.assetcatalog; path = Images.xcassets; sourceTree = "<group>"; };
		DA57B52E1BAEC2080019C008 /* Base */ = {isa = PBXFileReference; lastKnownFileType = file.xib; name = Base; path = Base.lproj/LaunchScreen.xib; sourceTree = "<group>"; };
		DA57B5341BAEC2080019C008 /* HomeRehabTests.xctest */ = {isa = PBXFileReference; explicitFileType = wrapper.cfbundle; includeInIndex = 0; path = HomeRehabTests.xctest; sourceTree = BUILT_PRODUCTS_DIR; };
		DA57B5391BAEC2080019C008 /* Info.plist */ = {isa = PBXFileReference; lastKnownFileType = text.plist.xml; path = Info.plist; sourceTree = "<group>"; };
		DA57B53A1BAEC2080019C008 /* HomeRehabTests.m */ = {isa = PBXFileReference; lastKnownFileType = sourcecode.c.objc; path = HomeRehabTests.m; sourceTree = "<group>"; };
		DA57B5441BAEC6320019C008 /* InfoViewController.h */ = {isa = PBXFileReference; fileEncoding = 4; lastKnownFileType = sourcecode.c.h; name = InfoViewController.h; path = Views/InfoViewController.h; sourceTree = "<group>"; };
		DA57B5451BAEC6320019C008 /* InfoViewController.m */ = {isa = PBXFileReference; fileEncoding = 4; lastKnownFileType = sourcecode.c.objc; name = InfoViewController.m; path = Views/InfoViewController.m; sourceTree = "<group>"; };
		DA57B5471BAEC6540019C008 /* VideoViewController.h */ = {isa = PBXFileReference; fileEncoding = 4; lastKnownFileType = sourcecode.c.h; name = VideoViewController.h; path = Views/VideoViewController.h; sourceTree = "<group>"; };
		DA57B5481BAEC6540019C008 /* VideoViewController.m */ = {isa = PBXFileReference; fileEncoding = 4; lastKnownFileType = sourcecode.c.objc; name = VideoViewController.m; path = Views/VideoViewController.m; sourceTree = "<group>"; };
		DA57B54A1BAEC6B40019C008 /* BluetoothViewController.h */ = {isa = PBXFileReference; fileEncoding = 4; lastKnownFileType = sourcecode.c.h; name = BluetoothViewController.h; path = Views/BluetoothViewController.h; sourceTree = "<group>"; };
		DA57B54B1BAEC6B40019C008 /* BluetoothViewController.m */ = {isa = PBXFileReference; fileEncoding = 4; lastKnownFileType = sourcecode.c.objc; name = BluetoothViewController.m; path = Views/BluetoothViewController.m; sourceTree = "<group>"; };
		DA57B54D1BAEC6D10019C008 /* CoreBluetooth.framework */ = {isa = PBXFileReference; lastKnownFileType = wrapper.framework; name = CoreBluetooth.framework; path = System/Library/Frameworks/CoreBluetooth.framework; sourceTree = SDKROOT; };
		DA57B54F1BAEC6ED0019C008 /* MediaPlayer.framework */ = {isa = PBXFileReference; lastKnownFileType = wrapper.framework; name = MediaPlayer.framework; path = System/Library/Frameworks/MediaPlayer.framework; sourceTree = SDKROOT; };
		DA57B5511BAECC5F0019C008 /* MadgwickAHRS.c */ = {isa = PBXFileReference; lastKnownFileType = sourcecode.c.c; name = MadgwickAHRS.c; path = HomeRehab/Helper/MadgwickAHRS.c; sourceTree = "<group>"; };
		DA57B5521BAECC5F0019C008 /* MadgwickAHRS.h */ = {isa = PBXFileReference; lastKnownFileType = sourcecode.c.h; name = MadgwickAHRS.h; path = HomeRehab/Helper/MadgwickAHRS.h; sourceTree = "<group>"; };
/* End PBXFileReference section */

/* Begin PBXFrameworksBuildPhase section */
		DA57B5181BAEC2070019C008 /* Frameworks */ = {
			isa = PBXFrameworksBuildPhase;
			buildActionMask = 2147483647;
			files = (
				DA57B5531BAECC5F0019C008 /* MadgwickAHRS.c in Frameworks */,
				DA57B5541BAECC5F0019C008 /* MadgwickAHRS.h in Frameworks */,
				DA57B5501BAEC6ED0019C008 /* MediaPlayer.framework in Frameworks */,
				DA57B54E1BAEC6D10019C008 /* CoreBluetooth.framework in Frameworks */,
			);
			runOnlyForDeploymentPostprocessing = 0;
		};
		DA57B5311BAEC2080019C008 /* Frameworks */ = {
			isa = PBXFrameworksBuildPhase;
			buildActionMask = 2147483647;
			files = (
			);
			runOnlyForDeploymentPostprocessing = 0;
		};
/* End PBXFrameworksBuildPhase section */

/* Begin PBXGroup section */
		DA57B5121BAEC2070019C008 = {
			isa = PBXGroup;
			children = (
				DA57B5511BAECC5F0019C008 /* MadgwickAHRS.c */,
				DA57B5521BAECC5F0019C008 /* MadgwickAHRS.h */,
				DA57B54F1BAEC6ED0019C008 /* MediaPlayer.framework */,
				DA57B54D1BAEC6D10019C008 /* CoreBluetooth.framework */,
				DA57B51D1BAEC2070019C008 /* HomeRehab */,
				DA57B5371BAEC2080019C008 /* HomeRehabTests */,
				DA57B51C1BAEC2070019C008 /* Products */,
			);
			sourceTree = "<group>";
		};
		DA57B51C1BAEC2070019C008 /* Products */ = {
			isa = PBXGroup;
			children = (
				DA57B51B1BAEC2070019C008 /* HomeRehab.app */,
				DA57B5341BAEC2080019C008 /* HomeRehabTests.xctest */,
			);
			name = Products;
			sourceTree = "<group>";
		};
		DA57B51D1BAEC2070019C008 /* HomeRehab */ = {
			isa = PBXGroup;
			children = (
				DA57B5221BAEC2080019C008 /* AppDelegate.h */,
				DA57B5231BAEC2080019C008 /* AppDelegate.m */,
				DA57B5281BAEC2080019C008 /* Main.storyboard */,
				DA57B5441BAEC6320019C008 /* InfoViewController.h */,
				DA57B5471BAEC6540019C008 /* VideoViewController.h */,
				DA57B5481BAEC6540019C008 /* VideoViewController.m */,
				DA57B54A1BAEC6B40019C008 /* BluetoothViewController.h */,
				DA57B54B1BAEC6B40019C008 /* BluetoothViewController.m */,
				DA57B5451BAEC6320019C008 /* InfoViewController.m */,
				DA57B52B1BAEC2080019C008 /* Images.xcassets */,
				DA57B52D1BAEC2080019C008 /* LaunchScreen.xib */,
				DA57B51E1BAEC2080019C008 /* Supporting Files */,
			);
			path = HomeRehab;
			sourceTree = "<group>";
		};
		DA57B51E1BAEC2080019C008 /* Supporting Files */ = {
			isa = PBXGroup;
			children = (
				DA57B51F1BAEC2080019C008 /* Info.plist */,
				DA57B5201BAEC2080019C008 /* main.m */,
			);
			name = "Supporting Files";
			sourceTree = "<group>";
		};
		DA57B5371BAEC2080019C008 /* HomeRehabTests */ = {
			isa = PBXGroup;
			children = (
				DA57B53A1BAEC2080019C008 /* HomeRehabTests.m */,
				DA57B5381BAEC2080019C008 /* Supporting Files */,
			);
			path = HomeRehabTests;
			sourceTree = "<group>";
		};
		DA57B5381BAEC2080019C008 /* Supporting Files */ = {
			isa = PBXGroup;
			children = (
				DA57B5391BAEC2080019C008 /* Info.plist */,
			);
			name = "Supporting Files";
			sourceTree = "<group>";
		};
/* End PBXGroup section */

/* Begin PBXNativeTarget section */
		DA57B51A1BAEC2070019C008 /* HomeRehab */ = {
			isa = PBXNativeTarget;
			buildConfigurationList = DA57B53E1BAEC2080019C008 /* Build configuration list for PBXNativeTarget "HomeRehab" */;
			buildPhases = (
				DA57B5171BAEC2070019C008 /* Sources */,
				DA57B5181BAEC2070019C008 /* Frameworks */,
				DA57B5191BAEC2070019C008 /* Resources */,
			);
			buildRules = (
			);
			dependencies = (
			);
			name = HomeRehab;
			productName = HomeRehab;
			productReference = DA57B51B1BAEC2070019C008 /* HomeRehab.app */;
			productType = "com.apple.product-type.application";
		};
		DA57B5331BAEC2080019C008 /* HomeRehabTests */ = {
			isa = PBXNativeTarget;
			buildConfigurationList = DA57B5411BAEC2080019C008 /* Build configuration list for PBXNativeTarget "HomeRehabTests" */;
			buildPhases = (
				DA57B5301BAEC2080019C008 /* Sources */,
				DA57B5311BAEC2080019C008 /* Frameworks */,
				DA57B5321BAEC2080019C008 /* Resources */,
			);
			buildRules = (
			);
			dependencies = (
				DA57B5361BAEC2080019C008 /* PBXTargetDependency */,
			);
			name = HomeRehabTests;
			productName = HomeRehabTests;
			productReference = DA57B5341BAEC2080019C008 /* HomeRehabTests.xctest */;
			productType = "com.apple.product-type.bundle.unit-test";
		};
/* End PBXNativeTarget section */

/* Begin PBXProject section */
		DA57B5131BAEC2070019C008 /* Project object */ = {
			isa = PBXProject;
			attributes = {
				LastUpgradeCheck = 0640;
				ORGANIZATIONNAME = "Muhammad Muneer";
				TargetAttributes = {
					DA57B51A1BAEC2070019C008 = {
						CreatedOnToolsVersion = 6.4;
					};
					DA57B5331BAEC2080019C008 = {
						CreatedOnToolsVersion = 6.4;
						TestTargetID = DA57B51A1BAEC2070019C008;
					};
				};
			};
			buildConfigurationList = DA57B5161BAEC2070019C008 /* Build configuration list for PBXProject "HomeRehab" */;
			compatibilityVersion = "Xcode 3.2";
			developmentRegion = English;
			hasScannedForEncodings = 0;
			knownRegions = (
				en,
				Base,
			);
			mainGroup = DA57B5121BAEC2070019C008;
			productRefGroup = DA57B51C1BAEC2070019C008 /* Products */;
			projectDirPath = "";
			projectRoot = "";
			targets = (
				DA57B51A1BAEC2070019C008 /* HomeRehab */,
				DA57B5331BAEC2080019C008 /* HomeRehabTests */,
			);
		};
/* End PBXProject section */

/* Begin PBXResourcesBuildPhase section */
		DA57B5191BAEC2070019C008 /* Resources */ = {
			isa = PBXResourcesBuildPhase;
			buildActionMask = 2147483647;
			files = (
				DA57B52A1BAEC2080019C008 /* Main.storyboard in Resources */,
				DA57B52F1BAEC2080019C008 /* LaunchScreen.xib in Resources */,
				DA57B52C1BAEC2080019C008 /* Images.xcassets in Resources */,
			);
			runOnlyForDeploymentPostprocessing = 0;
		};
		DA57B5321BAEC2080019C008 /* Resources */ = {
			isa = PBXResourcesBuildPhase;
			buildActionMask = 2147483647;
			files = (
			);
			runOnlyForDeploymentPostprocessing = 0;
		};
/* End PBXResourcesBuildPhase section */

/* Begin PBXSourcesBuildPhase section */
		DA57B5171BAEC2070019C008 /* Sources */ = {
			isa = PBXSourcesBuildPhase;
			buildActionMask = 2147483647;
			files = (
				DA57B5241BAEC2080019C008 /* AppDelegate.m in Sources */,
				DA57B54C1BAEC6B40019C008 /* BluetoothViewController.m in Sources */,
				DA57B5211BAEC2080019C008 /* main.m in Sources */,
				DA57B5491BAEC6540019C008 /* VideoViewController.m in Sources */,
				DA57B5461BAEC6320019C008 /* InfoViewController.m in Sources */,
			);
			runOnlyForDeploymentPostprocessing = 0;
		};
		DA57B5301BAEC2080019C008 /* Sources */ = {
			isa = PBXSourcesBuildPhase;
			buildActionMask = 2147483647;
			files = (
				DA57B53B1BAEC2080019C008 /* HomeRehabTests.m in Sources */,
			);
			runOnlyForDeploymentPostprocessing = 0;
		};
/* End PBXSourcesBuildPhase section */

/* Begin PBXTargetDependency section */
		DA57B5361BAEC2080019C008 /* PBXTargetDependency */ = {
			isa = PBXTargetDependency;
			target = DA57B51A1BAEC2070019C008 /* HomeRehab */;
			targetProxy = DA57B5351BAEC2080019C008 /* PBXContainerItemProxy */;
		};
/* End PBXTargetDependency section */

/* Begin PBXVariantGroup section */
		DA57B5281BAEC2080019C008 /* Main.storyboard */ = {
			isa = PBXVariantGroup;
			children = (
				DA57B5291BAEC2080019C008 /* Base */,
			);
			name = Main.storyboard;
			sourceTree = "<group>";
		};
		DA57B52D1BAEC2080019C008 /* LaunchScreen.xib */ = {
			isa = PBXVariantGroup;
			children = (
				DA57B52E1BAEC2080019C008 /* Base */,
			);
			name = LaunchScreen.xib;
			sourceTree = "<group>";
		};
/* End PBXVariantGroup section */

/* Begin XCBuildConfiguration section */
		DA57B53C1BAEC2080019C008 /* Debug */ = {
			isa = XCBuildConfiguration;
			buildSettings = {
				ALWAYS_SEARCH_USER_PATHS = NO;
				CLANG_CXX_LANGUAGE_STANDARD = "gnu++0x";
				CLANG_CXX_LIBRARY = "libc++";
				CLANG_ENABLE_MODULES = YES;
				CLANG_ENABLE_OBJC_ARC = YES;
				CLANG_WARN_BOOL_CONVERSION = YES;
				CLANG_WARN_CONSTANT_CONVERSION = YES;
				CLANG_WARN_DIRECT_OBJC_ISA_USAGE = YES_ERROR;
				CLANG_WARN_EMPTY_BODY = YES;
				CLANG_WARN_ENUM_CONVERSION = YES;
				CLANG_WARN_INT_CONVERSION = YES;
				CLANG_WARN_OBJC_ROOT_CLASS = YES_ERROR;
				CLANG_WARN_UNREACHABLE_CODE = YES;
				CLANG_WARN__DUPLICATE_METHOD_MATCH = YES;
				"CODE_SIGN_IDENTITY[sdk=iphoneos*]" = "iPhone Developer";
				COPY_PHASE_STRIP = NO;
				DEBUG_INFORMATION_FORMAT = "dwarf-with-dsym";
				ENABLE_STRICT_OBJC_MSGSEND = YES;
				GCC_C_LANGUAGE_STANDARD = gnu99;
				GCC_DYNAMIC_NO_PIC = NO;
				GCC_NO_COMMON_BLOCKS = YES;
				GCC_OPTIMIZATION_LEVEL = 0;
				GCC_PREPROCESSOR_DEFINITIONS = (
					"DEBUG=1",
					"$(inherited)",
				);
				GCC_SYMBOLS_PRIVATE_EXTERN = NO;
				GCC_WARN_64_TO_32_BIT_CONVERSION = YES;
				GCC_WARN_ABOUT_RETURN_TYPE = YES_ERROR;
				GCC_WARN_UNDECLARED_SELECTOR = YES;
				GCC_WARN_UNINITIALIZED_AUTOS = YES_AGGRESSIVE;
				GCC_WARN_UNUSED_FUNCTION = YES;
				GCC_WARN_UNUSED_VARIABLE = YES;
				IPHONEOS_DEPLOYMENT_TARGET = 8.4;
				MTL_ENABLE_DEBUG_INFO = YES;
				ONLY_ACTIVE_ARCH = YES;
				SDKROOT = iphoneos;
				TARGETED_DEVICE_FAMILY = 2;
			};
			name = Debug;
		};
		DA57B53D1BAEC2080019C008 /* Release */ = {
			isa = XCBuildConfiguration;
			buildSettings = {
				ALWAYS_SEARCH_USER_PATHS = NO;
				CLANG_CXX_LANGUAGE_STANDARD = "gnu++0x";
				CLANG_CXX_LIBRARY = "libc++";
				CLANG_ENABLE_MODULES = YES;
				CLANG_ENABLE_OBJC_ARC = YES;
				CLANG_WARN_BOOL_CONVERSION = YES;
				CLANG_WARN_CONSTANT_CONVERSION = YES;
				CLANG_WARN_DIRECT_OBJC_ISA_USAGE = YES_ERROR;
				CLANG_WARN_EMPTY_BODY = YES;
				CLANG_WARN_ENUM_CONVERSION = YES;
				CLANG_WARN_INT_CONVERSION = YES;
				CLANG_WARN_OBJC_ROOT_CLASS = YES_ERROR;
				CLANG_WARN_UNREACHABLE_CODE = YES;
				CLANG_WARN__DUPLICATE_METHOD_MATCH = YES;
				"CODE_SIGN_IDENTITY[sdk=iphoneos*]" = "iPhone Developer";
				COPY_PHASE_STRIP = NO;
				DEBUG_INFORMATION_FORMAT = "dwarf-with-dsym";
				ENABLE_NS_ASSERTIONS = NO;
				ENABLE_STRICT_OBJC_MSGSEND = YES;
				GCC_C_LANGUAGE_STANDARD = gnu99;
				GCC_NO_COMMON_BLOCKS = YES;
				GCC_WARN_64_TO_32_BIT_CONVERSION = YES;
				GCC_WARN_ABOUT_RETURN_TYPE = YES_ERROR;
				GCC_WARN_UNDECLARED_SELECTOR = YES;
				GCC_WARN_UNINITIALIZED_AUTOS = YES_AGGRESSIVE;
				GCC_WARN_UNUSED_FUNCTION = YES;
				GCC_WARN_UNUSED_VARIABLE = YES;
				IPHONEOS_DEPLOYMENT_TARGET = 8.4;
				MTL_ENABLE_DEBUG_INFO = NO;
				SDKROOT = iphoneos;
				TARGETED_DEVICE_FAMILY = 2;
				VALIDATE_PRODUCT = YES;
			};
			name = Release;
		};
		DA57B53F1BAEC2080019C008 /* Debug */ = {
			isa = XCBuildConfiguration;
			buildSettings = {
				ASSETCATALOG_COMPILER_APPICON_NAME = AppIcon;
				INFOPLIST_FILE = HomeRehab/Info.plist;
				LD_RUNPATH_SEARCH_PATHS = "$(inherited) @executable_path/Frameworks";
				PRODUCT_NAME = "$(TARGET_NAME)";
			};
			name = Debug;
		};
		DA57B5401BAEC2080019C008 /* Release */ = {
			isa = XCBuildConfiguration;
			buildSettings = {
				ASSETCATALOG_COMPILER_APPICON_NAME = AppIcon;
				INFOPLIST_FILE = HomeRehab/Info.plist;
				LD_RUNPATH_SEARCH_PATHS = "$(inherited) @executable_path/Frameworks";
				PRODUCT_NAME = "$(TARGET_NAME)";
			};
			name = Release;
		};
		DA57B5421BAEC2080019C008 /* Debug */ = {
			isa = XCBuildConfiguration;
			buildSettings = {
				BUNDLE_LOADER = "$(TEST_HOST)";
				FRAMEWORK_SEARCH_PATHS = (
					"$(SDKROOT)/Developer/Library/Frameworks",
					"$(inherited)",
				);
				GCC_PREPROCESSOR_DEFINITIONS = (
					"DEBUG=1",
					"$(inherited)",
				);
				INFOPLIST_FILE = HomeRehabTests/Info.plist;
				LD_RUNPATH_SEARCH_PATHS = "$(inherited) @executable_path/Frameworks @loader_path/Frameworks";
				PRODUCT_NAME = "$(TARGET_NAME)";
				TEST_HOST = "$(BUILT_PRODUCTS_DIR)/HomeRehab.app/HomeRehab";
			};
			name = Debug;
		};
		DA57B5431BAEC2080019C008 /* Release */ = {
			isa = XCBuildConfiguration;
			buildSettings = {
				BUNDLE_LOADER = "$(TEST_HOST)";
				FRAMEWORK_SEARCH_PATHS = (
					"$(SDKROOT)/Developer/Library/Frameworks",
					"$(inherited)",
				);
				INFOPLIST_FILE = HomeRehabTests/Info.plist;
				LD_RUNPATH_SEARCH_PATHS = "$(inherited) @executable_path/Frameworks @loader_path/Frameworks";
				PRODUCT_NAME = "$(TARGET_NAME)";
				TEST_HOST = "$(BUILT_PRODUCTS_DIR)/HomeRehab.app/HomeRehab";
			};
			name = Release;
		};
/* End XCBuildConfiguration section */

/* Begin XCConfigurationList section */
		DA57B5161BAEC2070019C008 /* Build configuration list for PBXProject "HomeRehab" */ = {
			isa = XCConfigurationList;
			buildConfigurations = (
				DA57B53C1BAEC2080019C008 /* Debug */,
				DA57B53D1BAEC2080019C008 /* Release */,
			);
			defaultConfigurationIsVisible = 0;
			defaultConfigurationName = Release;
		};
		DA57B53E1BAEC2080019C008 /* Build configuration list for PBXNativeTarget "HomeRehab" */ = {
			isa = XCConfigurationList;
			buildConfigurations = (
				DA57B53F1BAEC2080019C008 /* Debug */,
				DA57B5401BAEC2080019C008 /* Release */,
			);
			defaultConfigurationIsVisible = 0;
		};
		DA57B5411BAEC2080019C008 /* Build configuration list for PBXNativeTarget "HomeRehabTests" */ = {
			isa = XCConfigurationList;
			buildConfigurations = (
				DA57B5421BAEC2080019C008 /* Debug */,
				DA57B5431BAEC2080019C008 /* Release */,
			);
			defaultConfigurationIsVisible = 0;
		};
/* End XCConfigurationList section */
	};
	rootObject = DA57B5131BAEC2070019C008 /* Project object */;
}
